
Microsoft Visual Studio Solution File, Format Version 12.00
# Visual Studio Version 16
VisualStudioVersion = 16.0.30611.23
MinimumVisualStudioVersion = 10.0.40219.1
Project("{9A19103F-16F7-4668-BE54-9A1E7A4F7556}") = "Ex12.1.4-5", "Ex12.1.4-5\Ex12.1.4-5.csproj", "{41153438-6CA7-47CB-A8BD-B9476BFE51F3}"
EndProject
Project("{9A19103F-16F7-4668-BE54-9A1E7A4F7556}") = "Ex12.1.10", "Ex12.1.10\Ex12.1.10.csproj", "{6D21EBAC-6D02-4048-A9B8-2C129DC00158}"
EndProject
Project("{9A19103F-16F7-4668-BE54-9A1E7A4F7556}") = "Ex12.1.14", "Ex12.1.14\Ex12.1.14.csproj", "{BA470957-EFDB-4362-B4AD-1A7D1BD6FE01}"
EndProject
Project("{2150E333-8FDC-42A3-9474-1A3956D46DE8}") = "Solution Items", "Solution Items", "{783B3A8A-653F-480A-BB12-131ADB3E3335}"
	ProjectSection(SolutionItems) = preProject
		CR_Snippet.snippet = CR_Snippet.snippet
		CW_Snippet.snippet = CW_Snippet.snippet
	EndProjectSection
EndProject
Project("{9A19103F-16F7-4668-BE54-9A1E7A4F7556}") = "Ex12.1.16", "Ex12.1.16\Ex12.1.16.csproj", "{9C3F5502-5833-4242-8D99-DCC49B2E004E}"
EndProject
Project("{9A19103F-16F7-4668-BE54-9A1E7A4F7556}") = "Ex12.2.11", "Ex12.2.11\Ex12.2.11.csproj", "{1CD89B7D-C2CC-435E-94A3-EB82745EB46A}"
EndProject
Project("{9A19103F-16F7-4668-BE54-9A1E7A4F7556}") = "Ex12.3.7", "Ex12.3.7\Ex12.3.7.csproj", "{A38D2C49-F338-441F-9286-109D4A701E4B}"
EndProject
Project("{9A19103F-16F7-4668-BE54-9A1E7A4F7556}") = "Ex12.3.10", "Ex12.3.10\Ex12.3.10.csproj", "{A6AA4DDC-9996-4B84-B60B-EE6791F5755B}"
EndProject
Project("{9A19103F-16F7-4668-BE54-9A1E7A4F7556}") = "Ex12.3.11", "Ex12.3.11\Ex12.3.11.csproj", "{6246132A-BB0D-4B04-9724-C55E41D15DB9}"
EndProject
Project("{FAE04EC0-301F-11D3-BF4B-00C04F79EFBC}") = "Ex12.3.12", "Ex12.3.12\Ex12.3.12.csproj", "{C0322F98-6B46-45CE-AE42-EB248D460177}"
EndProject
Project("{FAE04EC0-301F-11D3-BF4B-00C04F79EFBC}") = "Ex12.3.13", "Ex12.3.13\Ex12.3.13.csproj", "{F4A344A4-EC39-40FD-8422-AA53E0D33FA5}"
EndProject
Global
	GlobalSection(SolutionConfigurationPlatforms) = preSolution
		Debug|Any CPU = Debug|Any CPU
		Release|Any CPU = Release|Any CPU
	EndGlobalSection
	GlobalSection(ProjectConfigurationPlatforms) = postSolution
		{41153438-6CA7-47CB-A8BD-B9476BFE51F3}.Debug|Any CPU.ActiveCfg = Debug|Any CPU
		{41153438-6CA7-47CB-A8BD-B9476BFE51F3}.Debug|Any CPU.Build.0 = Debug|Any CPU
		{41153438-6CA7-47CB-A8BD-B9476BFE51F3}.Release|Any CPU.ActiveCfg = Release|Any CPU
		{41153438-6CA7-47CB-A8BD-B9476BFE51F3}.Release|Any CPU.Build.0 = Release|Any CPU
		{6D21EBAC-6D02-4048-A9B8-2C129DC00158}.Debug|Any CPU.ActiveCfg = Debug|Any CPU
		{6D21EBAC-6D02-4048-A9B8-2C129DC00158}.Debug|Any CPU.Build.0 = Debug|Any CPU
		{6D21EBAC-6D02-4048-A9B8-2C129DC00158}.Release|Any CPU.ActiveCfg = Release|Any CPU
		{6D21EBAC-6D02-4048-A9B8-2C129DC00158}.Release|Any CPU.Build.0 = Release|Any CPU
		{BA470957-EFDB-4362-B4AD-1A7D1BD6FE01}.Debug|Any CPU.ActiveCfg = Debug|Any CPU
		{BA470957-EFDB-4362-B4AD-1A7D1BD6FE01}.Debug|Any CPU.Build.0 = Debug|Any CPU
		{BA470957-EFDB-4362-B4AD-1A7D1BD6FE01}.Release|Any CPU.ActiveCfg = Release|Any CPU
		{BA470957-EFDB-4362-B4AD-1A7D1BD6FE01}.Release|Any CPU.Build.0 = Release|Any CPU
		{9C3F5502-5833-4242-8D99-DCC49B2E004E}.Debug|Any CPU.ActiveCfg = Debug|Any CPU
		{9C3F5502-5833-4242-8D99-DCC49B2E004E}.Debug|Any CPU.Build.0 = Debug|Any CPU
		{9C3F5502-5833-4242-8D99-DCC49B2E004E}.Release|Any CPU.ActiveCfg = Release|Any CPU
		{9C3F5502-5833-4242-8D99-DCC49B2E004E}.Release|Any CPU.Build.0 = Release|Any CPU
		{1CD89B7D-C2CC-435E-94A3-EB82745EB46A}.Debug|Any CPU.ActiveCfg = Debug|Any CPU
		{1CD89B7D-C2CC-435E-94A3-EB82745EB46A}.Debug|Any CPU.Build.0 = Debug|Any CPU
		{1CD89B7D-C2CC-435E-94A3-EB82745EB46A}.Release|Any CPU.ActiveCfg = Release|Any CPU
		{1CD89B7D-C2CC-435E-94A3-EB82745EB46A}.Release|Any CPU.Build.0 = Release|Any CPU
		{A38D2C49-F338-441F-9286-109D4A701E4B}.Debug|Any CPU.ActiveCfg = Debug|Any CPU
		{A38D2C49-F338-441F-9286-109D4A701E4B}.Debug|Any CPU.Build.0 = Debug|Any CPU
		{A38D2C49-F338-441F-9286-109D4A701E4B}.Release|Any CPU.ActiveCfg = Release|Any CPU
		{A38D2C49-F338-441F-9286-109D4A701E4B}.Release|Any CPU.Build.0 = Release|Any CPU
		{A6AA4DDC-9996-4B84-B60B-EE6791F5755B}.Debug|Any CPU.ActiveCfg = Debug|Any CPU
		{A6AA4DDC-9996-4B84-B60B-EE6791F5755B}.Debug|Any CPU.Build.0 = Debug|Any CPU
		{A6AA4DDC-9996-4B84-B60B-EE6791F5755B}.Release|Any CPU.ActiveCfg = Release|Any CPU
		{A6AA4DDC-9996-4B84-B60B-EE6791F5755B}.Release|Any CPU.Build.0 = Release|Any CPU
		{6246132A-BB0D-4B04-9724-C55E41D15DB9}.Debug|Any CPU.ActiveCfg = Debug|Any CPU
		{6246132A-BB0D-4B04-9724-C55E41D15DB9}.Debug|Any CPU.Build.0 = Debug|Any CPU
		{6246132A-BB0D-4B04-9724-C55E41D15DB9}.Release|Any CPU.ActiveCfg = Release|Any CPU
		{6246132A-BB0D-4B04-9724-C55E41D15DB9}.Release|Any CPU.Build.0 = Release|Any CPU
		{C0322F98-6B46-45CE-AE42-EB248D460177}.Debug|Any CPU.ActiveCfg = Debug|Any CPU
		{C0322F98-6B46-45CE-AE42-EB248D460177}.Debug|Any CPU.Build.0 = Debug|Any CPU
		{C0322F98-6B46-45CE-AE42-EB248D460177}.Release|Any CPU.ActiveCfg = Release|Any CPU
		{C0322F98-6B46-45CE-AE42-EB248D460177}.Release|Any CPU.Build.0 = Release|Any CPU
		{F4A344A4-EC39-40FD-8422-AA53E0D33FA5}.Debug|Any CPU.ActiveCfg = Debug|Any CPU
		{F4A344A4-EC39-40FD-8422-AA53E0D33FA5}.Debug|Any CPU.Build.0 = Debug|Any CPU
		{F4A344A4-EC39-40FD-8422-AA53E0D33FA5}.Release|Any CPU.ActiveCfg = Release|Any CPU
		{F4A344A4-EC39-40FD-8422-AA53E0D33FA5}.Release|Any CPU.Build.0 = Release|Any CPU
	EndGlobalSection
	GlobalSection(SolutionProperties) = preSolution
		HideSolutionNode = FALSE
	EndGlobalSection
	GlobalSection(ExtensibilityGlobals) = postSolution
		SolutionGuid = {A26C7BEF-14AA-4DFF-A8D6-D67C5D7495C9}
	EndGlobalSection
EndGlobal
